
Microsoft Visual Studio Solution File, Format Version 12.00
# Visual Studio Version 16
VisualStudioVersion = 16.0.31829.152
MinimumVisualStudioVersion = 10.0.40219.1
Project("{FAE04EC0-301F-11D3-BF4B-00C04F79EFBC}") = "MergeInt", "MergeInt.csproj", "{68F1EA60-1FF6-4215-9E43-3651FDA52EFD}"
EndProject
Global
	GlobalSection(SolutionConfigurationPlatforms) = preSolution
		Debug|Any CPU = Debug|Any CPU
		Release|Any CPU = Release|Any CPU
	EndGlobalSection
	GlobalSection(ProjectConfigurationPlatforms) = postSolution
		{68F1EA60-1FF6-4215-9E43-3651FDA52EFD}.Debug|Any CPU.ActiveCfg = Debug|Any CPU
		{68F1EA60-1FF6-4215-9E43-3651FDA52EFD}.Debug|Any CPU.Build.0 = Debug|Any CPU
		{68F1EA60-1FF6-4215-9E43-3651FDA52EFD}.Release|Any CPU.ActiveCfg = Release|Any CPU
		{68F1EA60-1FF6-4215-9E43-3651FDA52EFD}.Release|Any CPU.Build.0 = Release|Any CPU
	EndGlobalSection
	GlobalSection(SolutionProperties) = preSolution
		HideSolutionNode = FALSE
	EndGlobalSection
	GlobalSection(ExtensibilityGlobals) = postSolution
		SolutionGuid = {DB9C9267-83A1-41CB-B740-6367874CE6C2}
	EndGlobalSection
EndGlobal
