
Microsoft Visual Studio Solution File, Format Version 12.00
# Visual Studio Version 16
VisualStudioVersion = 16.0.31829.152
MinimumVisualStudioVersion = 10.0.40219.1
Project("{FAE04EC0-301F-11D3-BF4B-00C04F79EFBC}") = "MedianRowMatrix", "MedianRowMatrix.csproj", "{4C6D8D18-027E-4025-BA11-4238F2BB62C1}"
EndProject
Global
	GlobalSection(SolutionConfigurationPlatforms) = preSolution
		Debug|Any CPU = Debug|Any CPU
		Release|Any CPU = Release|Any CPU
	EndGlobalSection
	GlobalSection(ProjectConfigurationPlatforms) = postSolution
		{4C6D8D18-027E-4025-BA11-4238F2BB62C1}.Debug|Any CPU.ActiveCfg = Debug|Any CPU
		{4C6D8D18-027E-4025-BA11-4238F2BB62C1}.Debug|Any CPU.Build.0 = Debug|Any CPU
		{4C6D8D18-027E-4025-BA11-4238F2BB62C1}.Release|Any CPU.ActiveCfg = Release|Any CPU
		{4C6D8D18-027E-4025-BA11-4238F2BB62C1}.Release|Any CPU.Build.0 = Release|Any CPU
	EndGlobalSection
	GlobalSection(SolutionProperties) = preSolution
		HideSolutionNode = FALSE
	EndGlobalSection
	GlobalSection(ExtensibilityGlobals) = postSolution
		SolutionGuid = {56C55962-D002-4302-8E0A-360E07B95ECD}
	EndGlobalSection
EndGlobal
