
Microsoft Visual Studio Solution File, Format Version 12.00
# Visual Studio Version 16
VisualStudioVersion = 16.0.31829.152
MinimumVisualStudioVersion = 10.0.40219.1
Project("{FAE04EC0-301F-11D3-BF4B-00C04F79EFBC}") = "firstMissingPositive", "firstMissingPositive.csproj", "{F8652B8B-4B08-425B-A76E-7D4C294AE9EF}"
EndProject
Global
	GlobalSection(SolutionConfigurationPlatforms) = preSolution
		Debug|Any CPU = Debug|Any CPU
		Release|Any CPU = Release|Any CPU
	EndGlobalSection
	GlobalSection(ProjectConfigurationPlatforms) = postSolution
		{F8652B8B-4B08-425B-A76E-7D4C294AE9EF}.Debug|Any CPU.ActiveCfg = Debug|Any CPU
		{F8652B8B-4B08-425B-A76E-7D4C294AE9EF}.Debug|Any CPU.Build.0 = Debug|Any CPU
		{F8652B8B-4B08-425B-A76E-7D4C294AE9EF}.Release|Any CPU.ActiveCfg = Release|Any CPU
		{F8652B8B-4B08-425B-A76E-7D4C294AE9EF}.Release|Any CPU.Build.0 = Release|Any CPU
	EndGlobalSection
	GlobalSection(SolutionProperties) = preSolution
		HideSolutionNode = FALSE
	EndGlobalSection
	GlobalSection(ExtensibilityGlobals) = postSolution
		SolutionGuid = {8168CB5C-42B4-4192-9ADA-DBC058C69817}
	EndGlobalSection
EndGlobal
