
Microsoft Visual Studio Solution File, Format Version 12.00
# Visual Studio Version 16
VisualStudioVersion = 16.0.31829.152
MinimumVisualStudioVersion = 10.0.40219.1
Project("{FAE04EC0-301F-11D3-BF4B-00C04F79EFBC}") = "TimeComplexity3", "TimeComplexity3.csproj", "{837E15CF-5DFD-448A-855B-4E8A9D7F0067}"
EndProject
Global
	GlobalSection(SolutionConfigurationPlatforms) = preSolution
		Debug|Any CPU = Debug|Any CPU
		Release|Any CPU = Release|Any CPU
	EndGlobalSection
	GlobalSection(ProjectConfigurationPlatforms) = postSolution
		{837E15CF-5DFD-448A-855B-4E8A9D7F0067}.Debug|Any CPU.ActiveCfg = Debug|Any CPU
		{837E15CF-5DFD-448A-855B-4E8A9D7F0067}.Debug|Any CPU.Build.0 = Debug|Any CPU
		{837E15CF-5DFD-448A-855B-4E8A9D7F0067}.Release|Any CPU.ActiveCfg = Release|Any CPU
		{837E15CF-5DFD-448A-855B-4E8A9D7F0067}.Release|Any CPU.Build.0 = Release|Any CPU
	EndGlobalSection
	GlobalSection(SolutionProperties) = preSolution
		HideSolutionNode = FALSE
	EndGlobalSection
	GlobalSection(ExtensibilityGlobals) = postSolution
		SolutionGuid = {2A037B40-5467-4A7F-BCDD-283CE4DA3247}
	EndGlobalSection
EndGlobal
