
Microsoft Visual Studio Solution File, Format Version 12.00
# Visual Studio Version 16
VisualStudioVersion = 16.0.31829.152
MinimumVisualStudioVersion = 10.0.40219.1
Project("{FAE04EC0-301F-11D3-BF4B-00C04F79EFBC}") = "ArrayRangeSumQuery", "ArrayRangeSumQuery.csproj", "{96038A22-97E5-4D29-9EAB-C45D0010C78C}"
EndProject
Global
	GlobalSection(SolutionConfigurationPlatforms) = preSolution
		Debug|Any CPU = Debug|Any CPU
		Release|Any CPU = Release|Any CPU
	EndGlobalSection
	GlobalSection(ProjectConfigurationPlatforms) = postSolution
		{96038A22-97E5-4D29-9EAB-C45D0010C78C}.Debug|Any CPU.ActiveCfg = Debug|Any CPU
		{96038A22-97E5-4D29-9EAB-C45D0010C78C}.Debug|Any CPU.Build.0 = Debug|Any CPU
		{96038A22-97E5-4D29-9EAB-C45D0010C78C}.Release|Any CPU.ActiveCfg = Release|Any CPU
		{96038A22-97E5-4D29-9EAB-C45D0010C78C}.Release|Any CPU.Build.0 = Release|Any CPU
	EndGlobalSection
	GlobalSection(SolutionProperties) = preSolution
		HideSolutionNode = FALSE
	EndGlobalSection
	GlobalSection(ExtensibilityGlobals) = postSolution
		SolutionGuid = {95717DD3-C546-4605-B945-7C75CA3CE588}
	EndGlobalSection
EndGlobal
