
Microsoft Visual Studio Solution File, Format Version 12.00
# Visual Studio Version 16
VisualStudioVersion = 16.0.30804.86
MinimumVisualStudioVersion = 10.0.40219.1
Project("{FAE04EC0-301F-11D3-BF4B-00C04F79EFBC}") = "MergeIntervals", "MergeIntervals\MergeIntervals.csproj", "{D83C0C7D-6D47-4DF5-AF64-7FA85E66F195}"
EndProject
Global
	GlobalSection(SolutionConfigurationPlatforms) = preSolution
		Debug|Any CPU = Debug|Any CPU
		Release|Any CPU = Release|Any CPU
	EndGlobalSection
	GlobalSection(ProjectConfigurationPlatforms) = postSolution
		{D83C0C7D-6D47-4DF5-AF64-7FA85E66F195}.Debug|Any CPU.ActiveCfg = Debug|Any CPU
		{D83C0C7D-6D47-4DF5-AF64-7FA85E66F195}.Debug|Any CPU.Build.0 = Debug|Any CPU
		{D83C0C7D-6D47-4DF5-AF64-7FA85E66F195}.Release|Any CPU.ActiveCfg = Release|Any CPU
		{D83C0C7D-6D47-4DF5-AF64-7FA85E66F195}.Release|Any CPU.Build.0 = Release|Any CPU
	EndGlobalSection
	GlobalSection(SolutionProperties) = preSolution
		HideSolutionNode = FALSE
	EndGlobalSection
	GlobalSection(ExtensibilityGlobals) = postSolution
		SolutionGuid = {B7332950-3876-48C9-85DB-EE3B48855FB8}
	EndGlobalSection
EndGlobal
