
Microsoft Visual Studio Solution File, Format Version 12.00
# Visual Studio Version 16
VisualStudioVersion = 16.0.31829.152
MinimumVisualStudioVersion = 10.0.40219.1
Project("{FAE04EC0-301F-11D3-BF4B-00C04F79EFBC}") = "MaxProductTriplet", "MaxProductTriplet.csproj", "{BD1D918E-0D80-4EDD-BE98-6164E9CB9C37}"
EndProject
Global
	GlobalSection(SolutionConfigurationPlatforms) = preSolution
		Debug|Any CPU = Debug|Any CPU
		Release|Any CPU = Release|Any CPU
	EndGlobalSection
	GlobalSection(ProjectConfigurationPlatforms) = postSolution
		{BD1D918E-0D80-4EDD-BE98-6164E9CB9C37}.Debug|Any CPU.ActiveCfg = Debug|Any CPU
		{BD1D918E-0D80-4EDD-BE98-6164E9CB9C37}.Debug|Any CPU.Build.0 = Debug|Any CPU
		{BD1D918E-0D80-4EDD-BE98-6164E9CB9C37}.Release|Any CPU.ActiveCfg = Release|Any CPU
		{BD1D918E-0D80-4EDD-BE98-6164E9CB9C37}.Release|Any CPU.Build.0 = Release|Any CPU
	EndGlobalSection
	GlobalSection(SolutionProperties) = preSolution
		HideSolutionNode = FALSE
	EndGlobalSection
	GlobalSection(ExtensibilityGlobals) = postSolution
		SolutionGuid = {6447D32B-85C8-407D-A665-124DA9D6D9AF}
	EndGlobalSection
EndGlobal
