
Microsoft Visual Studio Solution File, Format Version 12.00
# Visual Studio Version 16
VisualStudioVersion = 16.0.31829.152
MinimumVisualStudioVersion = 10.0.40219.1
Project("{FAE04EC0-301F-11D3-BF4B-00C04F79EFBC}") = "ArrayReverse", "ArrayReverse.csproj", "{21C42E07-0608-4571-BBB7-FC9B7266237C}"
EndProject
Global
	GlobalSection(SolutionConfigurationPlatforms) = preSolution
		Debug|Any CPU = Debug|Any CPU
		Release|Any CPU = Release|Any CPU
	EndGlobalSection
	GlobalSection(ProjectConfigurationPlatforms) = postSolution
		{21C42E07-0608-4571-BBB7-FC9B7266237C}.Debug|Any CPU.ActiveCfg = Debug|Any CPU
		{21C42E07-0608-4571-BBB7-FC9B7266237C}.Debug|Any CPU.Build.0 = Debug|Any CPU
		{21C42E07-0608-4571-BBB7-FC9B7266237C}.Release|Any CPU.ActiveCfg = Release|Any CPU
		{21C42E07-0608-4571-BBB7-FC9B7266237C}.Release|Any CPU.Build.0 = Release|Any CPU
	EndGlobalSection
	GlobalSection(SolutionProperties) = preSolution
		HideSolutionNode = FALSE
	EndGlobalSection
	GlobalSection(ExtensibilityGlobals) = postSolution
		SolutionGuid = {659372F5-DB93-4FB6-B9AE-BE413220493A}
	EndGlobalSection
EndGlobal
