
Microsoft Visual Studio Solution File, Format Version 12.00
# Visual Studio Version 16
VisualStudioVersion = 16.0.31829.152
MinimumVisualStudioVersion = 10.0.40219.1
Project("{FAE04EC0-301F-11D3-BF4B-00C04F79EFBC}") = "LuckyNoSieve", "LuckyNoSieve.csproj", "{560688F8-3F90-4C3E-9ABA-A2880BDFFAF2}"
EndProject
Global
	GlobalSection(SolutionConfigurationPlatforms) = preSolution
		Debug|Any CPU = Debug|Any CPU
		Release|Any CPU = Release|Any CPU
	EndGlobalSection
	GlobalSection(ProjectConfigurationPlatforms) = postSolution
		{560688F8-3F90-4C3E-9ABA-A2880BDFFAF2}.Debug|Any CPU.ActiveCfg = Debug|Any CPU
		{560688F8-3F90-4C3E-9ABA-A2880BDFFAF2}.Debug|Any CPU.Build.0 = Debug|Any CPU
		{560688F8-3F90-4C3E-9ABA-A2880BDFFAF2}.Release|Any CPU.ActiveCfg = Release|Any CPU
		{560688F8-3F90-4C3E-9ABA-A2880BDFFAF2}.Release|Any CPU.Build.0 = Release|Any CPU
	EndGlobalSection
	GlobalSection(SolutionProperties) = preSolution
		HideSolutionNode = FALSE
	EndGlobalSection
	GlobalSection(ExtensibilityGlobals) = postSolution
		SolutionGuid = {E0F68AE5-6500-48E9-BBD8-ED41597B231F}
	EndGlobalSection
EndGlobal
