
Microsoft Visual Studio Solution File, Format Version 12.00
# Visual Studio Version 16
VisualStudioVersion = 16.0.31829.152
MinimumVisualStudioVersion = 10.0.40219.1
Project("{FAE04EC0-301F-11D3-BF4B-00C04F79EFBC}") = "OpenDoors", "OpenDoors.csproj", "{C848A0D1-BE4E-4E67-8932-688CF954D551}"
EndProject
Global
	GlobalSection(SolutionConfigurationPlatforms) = preSolution
		Debug|Any CPU = Debug|Any CPU
		Release|Any CPU = Release|Any CPU
	EndGlobalSection
	GlobalSection(ProjectConfigurationPlatforms) = postSolution
		{C848A0D1-BE4E-4E67-8932-688CF954D551}.Debug|Any CPU.ActiveCfg = Debug|Any CPU
		{C848A0D1-BE4E-4E67-8932-688CF954D551}.Debug|Any CPU.Build.0 = Debug|Any CPU
		{C848A0D1-BE4E-4E67-8932-688CF954D551}.Release|Any CPU.ActiveCfg = Release|Any CPU
		{C848A0D1-BE4E-4E67-8932-688CF954D551}.Release|Any CPU.Build.0 = Release|Any CPU
	EndGlobalSection
	GlobalSection(SolutionProperties) = preSolution
		HideSolutionNode = FALSE
	EndGlobalSection
	GlobalSection(ExtensibilityGlobals) = postSolution
		SolutionGuid = {9F38D649-2481-459C-B122-516F8EEA93C5}
	EndGlobalSection
EndGlobal
