
Microsoft Visual Studio Solution File, Format Version 12.00
# Visual Studio Version 16
VisualStudioVersion = 16.0.31205.134
MinimumVisualStudioVersion = 10.0.40219.1
Project("{FAE04EC0-301F-11D3-BF4B-00C04F79EFBC}") = "WebApplication1", "WebApplication1.csproj", "{3B4E3B27-64E0-4EE3-BE5A-C66DCC81DBE7}"
EndProject
Global
	GlobalSection(SolutionConfigurationPlatforms) = preSolution
		Debug|Any CPU = Debug|Any CPU
		Release|Any CPU = Release|Any CPU
	EndGlobalSection
	GlobalSection(ProjectConfigurationPlatforms) = postSolution
		{3B4E3B27-64E0-4EE3-BE5A-C66DCC81DBE7}.Debug|Any CPU.ActiveCfg = Debug|Any CPU
		{3B4E3B27-64E0-4EE3-BE5A-C66DCC81DBE7}.Debug|Any CPU.Build.0 = Debug|Any CPU
		{3B4E3B27-64E0-4EE3-BE5A-C66DCC81DBE7}.Release|Any CPU.ActiveCfg = Release|Any CPU
		{3B4E3B27-64E0-4EE3-BE5A-C66DCC81DBE7}.Release|Any CPU.Build.0 = Release|Any CPU
	EndGlobalSection
	GlobalSection(SolutionProperties) = preSolution
		HideSolutionNode = FALSE
	EndGlobalSection
	GlobalSection(ExtensibilityGlobals) = postSolution
		SolutionGuid = {864746AF-5427-49E7-A86A-6BEA4BB50409}
	EndGlobalSection
EndGlobal
