
Microsoft Visual Studio Solution File, Format Version 12.00
# Visual Studio Version 16
VisualStudioVersion = 16.0.31829.152
MinimumVisualStudioVersion = 10.0.40219.1
Project("{FAE04EC0-301F-11D3-BF4B-00C04F79EFBC}") = "HammingDist", "HammingDist.csproj", "{174335D7-9D1C-4A92-8C86-765EC93AC438}"
EndProject
Global
	GlobalSection(SolutionConfigurationPlatforms) = preSolution
		Debug|Any CPU = Debug|Any CPU
		Release|Any CPU = Release|Any CPU
	EndGlobalSection
	GlobalSection(ProjectConfigurationPlatforms) = postSolution
		{174335D7-9D1C-4A92-8C86-765EC93AC438}.Debug|Any CPU.ActiveCfg = Debug|Any CPU
		{174335D7-9D1C-4A92-8C86-765EC93AC438}.Debug|Any CPU.Build.0 = Debug|Any CPU
		{174335D7-9D1C-4A92-8C86-765EC93AC438}.Release|Any CPU.ActiveCfg = Release|Any CPU
		{174335D7-9D1C-4A92-8C86-765EC93AC438}.Release|Any CPU.Build.0 = Release|Any CPU
	EndGlobalSection
	GlobalSection(SolutionProperties) = preSolution
		HideSolutionNode = FALSE
	EndGlobalSection
	GlobalSection(ExtensibilityGlobals) = postSolution
		SolutionGuid = {1B663B8B-67D1-46FF-AFE9-7AE27ECEE4F9}
	EndGlobalSection
EndGlobal
