
Microsoft Visual Studio Solution File, Format Version 12.00
# Visual Studio Version 16
VisualStudioVersion = 16.0.31829.152
MinimumVisualStudioVersion = 10.0.40219.1
Project("{FAE04EC0-301F-11D3-BF4B-00C04F79EFBC}") = "FindMaxValueMat", "FindMaxValueMat.csproj", "{5A43F894-B101-47FC-8704-3DA326023E4E}"
EndProject
Global
	GlobalSection(SolutionConfigurationPlatforms) = preSolution
		Debug|Any CPU = Debug|Any CPU
		Release|Any CPU = Release|Any CPU
	EndGlobalSection
	GlobalSection(ProjectConfigurationPlatforms) = postSolution
		{5A43F894-B101-47FC-8704-3DA326023E4E}.Debug|Any CPU.ActiveCfg = Debug|Any CPU
		{5A43F894-B101-47FC-8704-3DA326023E4E}.Debug|Any CPU.Build.0 = Debug|Any CPU
		{5A43F894-B101-47FC-8704-3DA326023E4E}.Release|Any CPU.ActiveCfg = Release|Any CPU
		{5A43F894-B101-47FC-8704-3DA326023E4E}.Release|Any CPU.Build.0 = Release|Any CPU
	EndGlobalSection
	GlobalSection(SolutionProperties) = preSolution
		HideSolutionNode = FALSE
	EndGlobalSection
	GlobalSection(ExtensibilityGlobals) = postSolution
		SolutionGuid = {58FF258E-91BE-48E2-B795-8BE708B60A36}
	EndGlobalSection
EndGlobal
