
Microsoft Visual Studio Solution File, Format Version 12.00
# Visual Studio Version 16
VisualStudioVersion = 16.0.31829.152
MinimumVisualStudioVersion = 10.0.40219.1
Project("{FAE04EC0-301F-11D3-BF4B-00C04F79EFBC}") = "MaxNoOnes", "MaxNoOnes.csproj", "{BACE274F-C482-44B4-8E7A-6A2AB4DB6082}"
EndProject
Global
	GlobalSection(SolutionConfigurationPlatforms) = preSolution
		Debug|Any CPU = Debug|Any CPU
		Release|Any CPU = Release|Any CPU
	EndGlobalSection
	GlobalSection(ProjectConfigurationPlatforms) = postSolution
		{BACE274F-C482-44B4-8E7A-6A2AB4DB6082}.Debug|Any CPU.ActiveCfg = Debug|Any CPU
		{BACE274F-C482-44B4-8E7A-6A2AB4DB6082}.Debug|Any CPU.Build.0 = Debug|Any CPU
		{BACE274F-C482-44B4-8E7A-6A2AB4DB6082}.Release|Any CPU.ActiveCfg = Release|Any CPU
		{BACE274F-C482-44B4-8E7A-6A2AB4DB6082}.Release|Any CPU.Build.0 = Release|Any CPU
	EndGlobalSection
	GlobalSection(SolutionProperties) = preSolution
		HideSolutionNode = FALSE
	EndGlobalSection
	GlobalSection(ExtensibilityGlobals) = postSolution
		SolutionGuid = {912EF026-7DD8-4213-B693-795C4ACF3119}
	EndGlobalSection
EndGlobal
