
Microsoft Visual Studio Solution File, Format Version 12.00
# Visual Studio Version 16
VisualStudioVersion = 16.0.31829.152
MinimumVisualStudioVersion = 10.0.40219.1
Project("{FAE04EC0-301F-11D3-BF4B-00C04F79EFBC}") = "StringOperations", "StringOperations.csproj", "{0931CEE5-54AC-4761-B819-2BB861E55BD7}"
EndProject
Global
	GlobalSection(SolutionConfigurationPlatforms) = preSolution
		Debug|Any CPU = Debug|Any CPU
		Release|Any CPU = Release|Any CPU
	EndGlobalSection
	GlobalSection(ProjectConfigurationPlatforms) = postSolution
		{0931CEE5-54AC-4761-B819-2BB861E55BD7}.Debug|Any CPU.ActiveCfg = Debug|Any CPU
		{0931CEE5-54AC-4761-B819-2BB861E55BD7}.Debug|Any CPU.Build.0 = Debug|Any CPU
		{0931CEE5-54AC-4761-B819-2BB861E55BD7}.Release|Any CPU.ActiveCfg = Release|Any CPU
		{0931CEE5-54AC-4761-B819-2BB861E55BD7}.Release|Any CPU.Build.0 = Release|Any CPU
	EndGlobalSection
	GlobalSection(SolutionProperties) = preSolution
		HideSolutionNode = FALSE
	EndGlobalSection
	GlobalSection(ExtensibilityGlobals) = postSolution
		SolutionGuid = {293BBA53-4AD3-4087-AEED-8137D0D98647}
	EndGlobalSection
EndGlobal
