
Microsoft Visual Studio Solution File, Format Version 12.00
# Visual Studio Version 16
VisualStudioVersion = 16.0.31829.152
MinimumVisualStudioVersion = 10.0.40219.1
Project("{FAE04EC0-301F-11D3-BF4B-00C04F79EFBC}") = "RotationGame", "RotationGame.csproj", "{13D0610D-C408-4002-B93F-0B527534001E}"
EndProject
Global
	GlobalSection(SolutionConfigurationPlatforms) = preSolution
		Debug|Any CPU = Debug|Any CPU
		Release|Any CPU = Release|Any CPU
	EndGlobalSection
	GlobalSection(ProjectConfigurationPlatforms) = postSolution
		{13D0610D-C408-4002-B93F-0B527534001E}.Debug|Any CPU.ActiveCfg = Debug|Any CPU
		{13D0610D-C408-4002-B93F-0B527534001E}.Debug|Any CPU.Build.0 = Debug|Any CPU
		{13D0610D-C408-4002-B93F-0B527534001E}.Release|Any CPU.ActiveCfg = Release|Any CPU
		{13D0610D-C408-4002-B93F-0B527534001E}.Release|Any CPU.Build.0 = Release|Any CPU
	EndGlobalSection
	GlobalSection(SolutionProperties) = preSolution
		HideSolutionNode = FALSE
	EndGlobalSection
	GlobalSection(ExtensibilityGlobals) = postSolution
		SolutionGuid = {23583C49-90AD-4966-AF46-FB4F6CFB27B7}
	EndGlobalSection
EndGlobal
