
Microsoft Visual Studio Solution File, Format Version 12.00
# Visual Studio Version 16
VisualStudioVersion = 16.0.31829.152
MinimumVisualStudioVersion = 10.0.40219.1
Project("{FAE04EC0-301F-11D3-BF4B-00C04F79EFBC}") = "InterviewQue", "InterviewQue.csproj", "{6C8A794E-297F-48A1-B7FD-1B0626C9F3FD}"
EndProject
Global
	GlobalSection(SolutionConfigurationPlatforms) = preSolution
		Debug|Any CPU = Debug|Any CPU
		Release|Any CPU = Release|Any CPU
	EndGlobalSection
	GlobalSection(ProjectConfigurationPlatforms) = postSolution
		{6C8A794E-297F-48A1-B7FD-1B0626C9F3FD}.Debug|Any CPU.ActiveCfg = Debug|Any CPU
		{6C8A794E-297F-48A1-B7FD-1B0626C9F3FD}.Debug|Any CPU.Build.0 = Debug|Any CPU
		{6C8A794E-297F-48A1-B7FD-1B0626C9F3FD}.Release|Any CPU.ActiveCfg = Release|Any CPU
		{6C8A794E-297F-48A1-B7FD-1B0626C9F3FD}.Release|Any CPU.Build.0 = Release|Any CPU
	EndGlobalSection
	GlobalSection(SolutionProperties) = preSolution
		HideSolutionNode = FALSE
	EndGlobalSection
	GlobalSection(ExtensibilityGlobals) = postSolution
		SolutionGuid = {79C35FAF-6458-443C-8DCD-9095D2812FCE}
	EndGlobalSection
EndGlobal
