
Microsoft Visual Studio Solution File, Format Version 12.00
# Visual Studio Version 16
VisualStudioVersion = 16.0.31829.152
MinimumVisualStudioVersion = 10.0.40219.1
Project("{FAE04EC0-301F-11D3-BF4B-00C04F79EFBC}") = "IntQue2", "IntQue2.csproj", "{B2F0DA81-AE8F-4125-BF57-EC972DEAAEDA}"
EndProject
Global
	GlobalSection(SolutionConfigurationPlatforms) = preSolution
		Debug|Any CPU = Debug|Any CPU
		Release|Any CPU = Release|Any CPU
	EndGlobalSection
	GlobalSection(ProjectConfigurationPlatforms) = postSolution
		{B2F0DA81-AE8F-4125-BF57-EC972DEAAEDA}.Debug|Any CPU.ActiveCfg = Debug|Any CPU
		{B2F0DA81-AE8F-4125-BF57-EC972DEAAEDA}.Debug|Any CPU.Build.0 = Debug|Any CPU
		{B2F0DA81-AE8F-4125-BF57-EC972DEAAEDA}.Release|Any CPU.ActiveCfg = Release|Any CPU
		{B2F0DA81-AE8F-4125-BF57-EC972DEAAEDA}.Release|Any CPU.Build.0 = Release|Any CPU
	EndGlobalSection
	GlobalSection(SolutionProperties) = preSolution
		HideSolutionNode = FALSE
	EndGlobalSection
	GlobalSection(ExtensibilityGlobals) = postSolution
		SolutionGuid = {F6EA351C-26C1-4E27-AB77-0DE44AA4AB77}
	EndGlobalSection
EndGlobal
