
Microsoft Visual Studio Solution File, Format Version 12.00
# Visual Studio Version 16
VisualStudioVersion = 16.0.31829.152
MinimumVisualStudioVersion = 10.0.40219.1
Project("{FAE04EC0-301F-11D3-BF4B-00C04F79EFBC}") = "PairSumDivM", "PairSumDivM.csproj", "{55265B4F-2EF6-422C-9AF9-157F41F0FA57}"
EndProject
Global
	GlobalSection(SolutionConfigurationPlatforms) = preSolution
		Debug|Any CPU = Debug|Any CPU
		Release|Any CPU = Release|Any CPU
	EndGlobalSection
	GlobalSection(ProjectConfigurationPlatforms) = postSolution
		{55265B4F-2EF6-422C-9AF9-157F41F0FA57}.Debug|Any CPU.ActiveCfg = Debug|Any CPU
		{55265B4F-2EF6-422C-9AF9-157F41F0FA57}.Debug|Any CPU.Build.0 = Debug|Any CPU
		{55265B4F-2EF6-422C-9AF9-157F41F0FA57}.Release|Any CPU.ActiveCfg = Release|Any CPU
		{55265B4F-2EF6-422C-9AF9-157F41F0FA57}.Release|Any CPU.Build.0 = Release|Any CPU
	EndGlobalSection
	GlobalSection(SolutionProperties) = preSolution
		HideSolutionNode = FALSE
	EndGlobalSection
	GlobalSection(ExtensibilityGlobals) = postSolution
		SolutionGuid = {FEADDD74-F45F-4441-94BA-19336FCFB400}
	EndGlobalSection
EndGlobal
