
Microsoft Visual Studio Solution File, Format Version 12.00
# Visual Studio Version 16
VisualStudioVersion = 16.0.31829.152
MinimumVisualStudioVersion = 10.0.40219.1
Project("{FAE04EC0-301F-11D3-BF4B-00C04F79EFBC}") = "SearchMatrix", "SearchMatrix.csproj", "{B673FE63-47BE-4E64-A158-5F1160C95E14}"
EndProject
Global
	GlobalSection(SolutionConfigurationPlatforms) = preSolution
		Debug|Any CPU = Debug|Any CPU
		Release|Any CPU = Release|Any CPU
	EndGlobalSection
	GlobalSection(ProjectConfigurationPlatforms) = postSolution
		{B673FE63-47BE-4E64-A158-5F1160C95E14}.Debug|Any CPU.ActiveCfg = Debug|Any CPU
		{B673FE63-47BE-4E64-A158-5F1160C95E14}.Debug|Any CPU.Build.0 = Debug|Any CPU
		{B673FE63-47BE-4E64-A158-5F1160C95E14}.Release|Any CPU.ActiveCfg = Release|Any CPU
		{B673FE63-47BE-4E64-A158-5F1160C95E14}.Release|Any CPU.Build.0 = Release|Any CPU
	EndGlobalSection
	GlobalSection(SolutionProperties) = preSolution
		HideSolutionNode = FALSE
	EndGlobalSection
	GlobalSection(ExtensibilityGlobals) = postSolution
		SolutionGuid = {02B9A269-6117-4ED9-AEE7-7BFCA1DF866A}
	EndGlobalSection
EndGlobal
