
Microsoft Visual Studio Solution File, Format Version 12.00
# Visual Studio Version 16
VisualStudioVersion = 16.0.31205.134
MinimumVisualStudioVersion = 10.0.40219.1
Project("{FAE04EC0-301F-11D3-BF4B-00C04F79EFBC}") = "NextPermutation", "NextPermutation.csproj", "{83DA40BD-DC1F-416D-82E1-7B1F7F13F05A}"
EndProject
Global
	GlobalSection(SolutionConfigurationPlatforms) = preSolution
		Debug|Any CPU = Debug|Any CPU
		Release|Any CPU = Release|Any CPU
	EndGlobalSection
	GlobalSection(ProjectConfigurationPlatforms) = postSolution
		{83DA40BD-DC1F-416D-82E1-7B1F7F13F05A}.Debug|Any CPU.ActiveCfg = Debug|Any CPU
		{83DA40BD-DC1F-416D-82E1-7B1F7F13F05A}.Debug|Any CPU.Build.0 = Debug|Any CPU
		{83DA40BD-DC1F-416D-82E1-7B1F7F13F05A}.Release|Any CPU.ActiveCfg = Release|Any CPU
		{83DA40BD-DC1F-416D-82E1-7B1F7F13F05A}.Release|Any CPU.Build.0 = Release|Any CPU
	EndGlobalSection
	GlobalSection(SolutionProperties) = preSolution
		HideSolutionNode = FALSE
	EndGlobalSection
	GlobalSection(ExtensibilityGlobals) = postSolution
		SolutionGuid = {C8B51B16-E739-41CB-BAC0-01F4B4441054}
	EndGlobalSection
EndGlobal
