
Microsoft Visual Studio Solution File, Format Version 12.00
# Visual Studio Version 16
VisualStudioVersion = 16.0.31205.134
MinimumVisualStudioVersion = 10.0.40219.1
Project("{FAE04EC0-301F-11D3-BF4B-00C04F79EFBC}") = "LongestConseqSubseq", "LongestConseqSubseq.csproj", "{8A4FF8A1-63A1-4643-8668-FA244078740C}"
EndProject
Global
	GlobalSection(SolutionConfigurationPlatforms) = preSolution
		Debug|Any CPU = Debug|Any CPU
		Release|Any CPU = Release|Any CPU
	EndGlobalSection
	GlobalSection(ProjectConfigurationPlatforms) = postSolution
		{8A4FF8A1-63A1-4643-8668-FA244078740C}.Debug|Any CPU.ActiveCfg = Debug|Any CPU
		{8A4FF8A1-63A1-4643-8668-FA244078740C}.Debug|Any CPU.Build.0 = Debug|Any CPU
		{8A4FF8A1-63A1-4643-8668-FA244078740C}.Release|Any CPU.ActiveCfg = Release|Any CPU
		{8A4FF8A1-63A1-4643-8668-FA244078740C}.Release|Any CPU.Build.0 = Release|Any CPU
	EndGlobalSection
	GlobalSection(SolutionProperties) = preSolution
		HideSolutionNode = FALSE
	EndGlobalSection
	GlobalSection(ExtensibilityGlobals) = postSolution
		SolutionGuid = {1ECDF123-25D0-431D-91EC-6F99AAEA2DD7}
	EndGlobalSection
EndGlobal
