
Microsoft Visual Studio Solution File, Format Version 12.00
# Visual Studio Version 16
VisualStudioVersion = 16.0.31205.134
MinimumVisualStudioVersion = 10.0.40219.1
Project("{FAE04EC0-301F-11D3-BF4B-00C04F79EFBC}") = "KthSmallest", "KthSmallest.csproj", "{72F0222D-F46E-46DB-A755-7C39FCB43E5D}"
EndProject
Global
	GlobalSection(SolutionConfigurationPlatforms) = preSolution
		Debug|Any CPU = Debug|Any CPU
		Release|Any CPU = Release|Any CPU
	EndGlobalSection
	GlobalSection(ProjectConfigurationPlatforms) = postSolution
		{72F0222D-F46E-46DB-A755-7C39FCB43E5D}.Debug|Any CPU.ActiveCfg = Debug|Any CPU
		{72F0222D-F46E-46DB-A755-7C39FCB43E5D}.Debug|Any CPU.Build.0 = Debug|Any CPU
		{72F0222D-F46E-46DB-A755-7C39FCB43E5D}.Release|Any CPU.ActiveCfg = Release|Any CPU
		{72F0222D-F46E-46DB-A755-7C39FCB43E5D}.Release|Any CPU.Build.0 = Release|Any CPU
	EndGlobalSection
	GlobalSection(SolutionProperties) = preSolution
		HideSolutionNode = FALSE
	EndGlobalSection
	GlobalSection(ExtensibilityGlobals) = postSolution
		SolutionGuid = {60941D41-66D4-4DFC-9311-39F74D1D1F9F}
	EndGlobalSection
EndGlobal
