
Microsoft Visual Studio Solution File, Format Version 12.00
# Visual Studio Version 16
VisualStudioVersion = 16.0.31829.152
MinimumVisualStudioVersion = 10.0.40219.1
Project("{FAE04EC0-301F-11D3-BF4B-00C04F79EFBC}") = "CountDivisors", "CountDivisors.csproj", "{D915F1B2-655D-4F9E-BBEE-1ADCA399215F}"
EndProject
Global
	GlobalSection(SolutionConfigurationPlatforms) = preSolution
		Debug|Any CPU = Debug|Any CPU
		Release|Any CPU = Release|Any CPU
	EndGlobalSection
	GlobalSection(ProjectConfigurationPlatforms) = postSolution
		{D915F1B2-655D-4F9E-BBEE-1ADCA399215F}.Debug|Any CPU.ActiveCfg = Debug|Any CPU
		{D915F1B2-655D-4F9E-BBEE-1ADCA399215F}.Debug|Any CPU.Build.0 = Debug|Any CPU
		{D915F1B2-655D-4F9E-BBEE-1ADCA399215F}.Release|Any CPU.ActiveCfg = Release|Any CPU
		{D915F1B2-655D-4F9E-BBEE-1ADCA399215F}.Release|Any CPU.Build.0 = Release|Any CPU
	EndGlobalSection
	GlobalSection(SolutionProperties) = preSolution
		HideSolutionNode = FALSE
	EndGlobalSection
	GlobalSection(ExtensibilityGlobals) = postSolution
		SolutionGuid = {226387EF-1617-4CB1-8B20-6883AB594541}
	EndGlobalSection
EndGlobal
