
Microsoft Visual Studio Solution File, Format Version 12.00
# Visual Studio Version 16
VisualStudioVersion = 16.0.31829.152
MinimumVisualStudioVersion = 10.0.40219.1
Project("{FAE04EC0-301F-11D3-BF4B-00C04F79EFBC}") = "GreyCode", "GreyCode.csproj", "{CC86E0EA-DCFA-4933-A711-B6BD52351D92}"
EndProject
Global
	GlobalSection(SolutionConfigurationPlatforms) = preSolution
		Debug|Any CPU = Debug|Any CPU
		Release|Any CPU = Release|Any CPU
	EndGlobalSection
	GlobalSection(ProjectConfigurationPlatforms) = postSolution
		{CC86E0EA-DCFA-4933-A711-B6BD52351D92}.Debug|Any CPU.ActiveCfg = Debug|Any CPU
		{CC86E0EA-DCFA-4933-A711-B6BD52351D92}.Debug|Any CPU.Build.0 = Debug|Any CPU
		{CC86E0EA-DCFA-4933-A711-B6BD52351D92}.Release|Any CPU.ActiveCfg = Release|Any CPU
		{CC86E0EA-DCFA-4933-A711-B6BD52351D92}.Release|Any CPU.Build.0 = Release|Any CPU
	EndGlobalSection
	GlobalSection(SolutionProperties) = preSolution
		HideSolutionNode = FALSE
	EndGlobalSection
	GlobalSection(ExtensibilityGlobals) = postSolution
		SolutionGuid = {4F29D3B5-CC5A-41DE-8A73-2E047B319D6D}
	EndGlobalSection
EndGlobal
