
Microsoft Visual Studio Solution File, Format Version 12.00
# Visual Studio Version 16
VisualStudioVersion = 16.0.31829.152
MinimumVisualStudioVersion = 10.0.40219.1
Project("{9A19103F-16F7-4668-BE54-9A1E7A4F7556}") = "SeparateOddEven", "SeparateOddEven.csproj", "{8987BCB1-C2BF-4953-9280-B0A4B7D89A0A}"
EndProject
Project("{FAE04EC0-301F-11D3-BF4B-00C04F79EFBC}") = "TestProject", "..\TestProject\TestProject.csproj", "{D75EDBA4-9287-4289-93FB-37783C08762F}"
EndProject
Global
	GlobalSection(SolutionConfigurationPlatforms) = preSolution
		Debug|Any CPU = Debug|Any CPU
		Release|Any CPU = Release|Any CPU
	EndGlobalSection
	GlobalSection(ProjectConfigurationPlatforms) = postSolution
		{8987BCB1-C2BF-4953-9280-B0A4B7D89A0A}.Debug|Any CPU.ActiveCfg = Debug|Any CPU
		{8987BCB1-C2BF-4953-9280-B0A4B7D89A0A}.Debug|Any CPU.Build.0 = Debug|Any CPU
		{8987BCB1-C2BF-4953-9280-B0A4B7D89A0A}.Release|Any CPU.ActiveCfg = Release|Any CPU
		{8987BCB1-C2BF-4953-9280-B0A4B7D89A0A}.Release|Any CPU.Build.0 = Release|Any CPU
		{D75EDBA4-9287-4289-93FB-37783C08762F}.Debug|Any CPU.ActiveCfg = Debug|Any CPU
		{D75EDBA4-9287-4289-93FB-37783C08762F}.Debug|Any CPU.Build.0 = Debug|Any CPU
		{D75EDBA4-9287-4289-93FB-37783C08762F}.Release|Any CPU.ActiveCfg = Release|Any CPU
		{D75EDBA4-9287-4289-93FB-37783C08762F}.Release|Any CPU.Build.0 = Release|Any CPU
	EndGlobalSection
	GlobalSection(SolutionProperties) = preSolution
		HideSolutionNode = FALSE
	EndGlobalSection
	GlobalSection(ExtensibilityGlobals) = postSolution
		SolutionGuid = {94F1D0D2-FCDE-470E-8B82-1FCD73A33A54}
	EndGlobalSection
EndGlobal
