
Microsoft Visual Studio Solution File, Format Version 12.00
# Visual Studio Version 16
VisualStudioVersion = 16.0.31205.134
MinimumVisualStudioVersion = 10.0.40219.1
Project("{FAE04EC0-301F-11D3-BF4B-00C04F79EFBC}") = "Kadane_sAlgo", "Kadane_sAlgo.csproj", "{A9A5E5A0-C015-46EA-8E67-AADD7C75ACA9}"
EndProject
Global
	GlobalSection(SolutionConfigurationPlatforms) = preSolution
		Debug|Any CPU = Debug|Any CPU
		Release|Any CPU = Release|Any CPU
	EndGlobalSection
	GlobalSection(ProjectConfigurationPlatforms) = postSolution
		{A9A5E5A0-C015-46EA-8E67-AADD7C75ACA9}.Debug|Any CPU.ActiveCfg = Debug|Any CPU
		{A9A5E5A0-C015-46EA-8E67-AADD7C75ACA9}.Debug|Any CPU.Build.0 = Debug|Any CPU
		{A9A5E5A0-C015-46EA-8E67-AADD7C75ACA9}.Release|Any CPU.ActiveCfg = Release|Any CPU
		{A9A5E5A0-C015-46EA-8E67-AADD7C75ACA9}.Release|Any CPU.Build.0 = Release|Any CPU
	EndGlobalSection
	GlobalSection(SolutionProperties) = preSolution
		HideSolutionNode = FALSE
	EndGlobalSection
	GlobalSection(ExtensibilityGlobals) = postSolution
		SolutionGuid = {08C74C1E-B6F6-46BF-A85B-AA7309F39DBF}
	EndGlobalSection
EndGlobal
