
Microsoft Visual Studio Solution File, Format Version 12.00
# Visual Studio Version 16
VisualStudioVersion = 16.0.31829.152
MinimumVisualStudioVersion = 10.0.40219.1
Project("{FAE04EC0-301F-11D3-BF4B-00C04F79EFBC}") = "MaxRectangleMatrix", "MaxRectangleMatrix.csproj", "{99200162-1BD5-453C-BD3C-7EA1F7CDA424}"
EndProject
Global
	GlobalSection(SolutionConfigurationPlatforms) = preSolution
		Debug|Any CPU = Debug|Any CPU
		Release|Any CPU = Release|Any CPU
	EndGlobalSection
	GlobalSection(ProjectConfigurationPlatforms) = postSolution
		{99200162-1BD5-453C-BD3C-7EA1F7CDA424}.Debug|Any CPU.ActiveCfg = Debug|Any CPU
		{99200162-1BD5-453C-BD3C-7EA1F7CDA424}.Debug|Any CPU.Build.0 = Debug|Any CPU
		{99200162-1BD5-453C-BD3C-7EA1F7CDA424}.Release|Any CPU.ActiveCfg = Release|Any CPU
		{99200162-1BD5-453C-BD3C-7EA1F7CDA424}.Release|Any CPU.Build.0 = Release|Any CPU
	EndGlobalSection
	GlobalSection(SolutionProperties) = preSolution
		HideSolutionNode = FALSE
	EndGlobalSection
	GlobalSection(ExtensibilityGlobals) = postSolution
		SolutionGuid = {5645FED9-0749-47FB-BADB-27145C7B0D91}
	EndGlobalSection
EndGlobal
