
Microsoft Visual Studio Solution File, Format Version 12.00
# Visual Studio Version 16
VisualStudioVersion = 16.0.31829.152
MinimumVisualStudioVersion = 10.0.40219.1
Project("{FAE04EC0-301F-11D3-BF4B-00C04F79EFBC}") = "subArrayOR", "subArrayOR.csproj", "{F2DE0EC5-8D44-4599-AD73-6C224C3F7EC6}"
EndProject
Global
	GlobalSection(SolutionConfigurationPlatforms) = preSolution
		Debug|Any CPU = Debug|Any CPU
		Release|Any CPU = Release|Any CPU
	EndGlobalSection
	GlobalSection(ProjectConfigurationPlatforms) = postSolution
		{F2DE0EC5-8D44-4599-AD73-6C224C3F7EC6}.Debug|Any CPU.ActiveCfg = Debug|Any CPU
		{F2DE0EC5-8D44-4599-AD73-6C224C3F7EC6}.Debug|Any CPU.Build.0 = Debug|Any CPU
		{F2DE0EC5-8D44-4599-AD73-6C224C3F7EC6}.Release|Any CPU.ActiveCfg = Release|Any CPU
		{F2DE0EC5-8D44-4599-AD73-6C224C3F7EC6}.Release|Any CPU.Build.0 = Release|Any CPU
	EndGlobalSection
	GlobalSection(SolutionProperties) = preSolution
		HideSolutionNode = FALSE
	EndGlobalSection
	GlobalSection(ExtensibilityGlobals) = postSolution
		SolutionGuid = {882DE8B7-737D-4BC1-A6CF-70DA8ABFFD8E}
	EndGlobalSection
EndGlobal
