
Microsoft Visual Studio Solution File, Format Version 12.00
# Visual Studio Version 16
VisualStudioVersion = 16.0.31829.152
MinimumVisualStudioVersion = 10.0.40219.1
Project("{FAE04EC0-301F-11D3-BF4B-00C04F79EFBC}") = "GCDDelete", "GCDDelete.csproj", "{3D1C9134-3FFF-4C8D-9C1D-B41211529731}"
EndProject
Global
	GlobalSection(SolutionConfigurationPlatforms) = preSolution
		Debug|Any CPU = Debug|Any CPU
		Release|Any CPU = Release|Any CPU
	EndGlobalSection
	GlobalSection(ProjectConfigurationPlatforms) = postSolution
		{3D1C9134-3FFF-4C8D-9C1D-B41211529731}.Debug|Any CPU.ActiveCfg = Debug|Any CPU
		{3D1C9134-3FFF-4C8D-9C1D-B41211529731}.Debug|Any CPU.Build.0 = Debug|Any CPU
		{3D1C9134-3FFF-4C8D-9C1D-B41211529731}.Release|Any CPU.ActiveCfg = Release|Any CPU
		{3D1C9134-3FFF-4C8D-9C1D-B41211529731}.Release|Any CPU.Build.0 = Release|Any CPU
	EndGlobalSection
	GlobalSection(SolutionProperties) = preSolution
		HideSolutionNode = FALSE
	EndGlobalSection
	GlobalSection(ExtensibilityGlobals) = postSolution
		SolutionGuid = {59F8C69B-73EF-4E63-B214-2B001B7DD1B1}
	EndGlobalSection
EndGlobal
