
Microsoft Visual Studio Solution File, Format Version 12.00
# Visual Studio Version 16
VisualStudioVersion = 16.0.31829.152
MinimumVisualStudioVersion = 10.0.40219.1
Project("{FAE04EC0-301F-11D3-BF4B-00C04F79EFBC}") = "Occurrences", "Occurrences.csproj", "{81EBA605-D3C8-4F02-B6F1-5DEF7DF26895}"
EndProject
Global
	GlobalSection(SolutionConfigurationPlatforms) = preSolution
		Debug|Any CPU = Debug|Any CPU
		Release|Any CPU = Release|Any CPU
	EndGlobalSection
	GlobalSection(ProjectConfigurationPlatforms) = postSolution
		{81EBA605-D3C8-4F02-B6F1-5DEF7DF26895}.Debug|Any CPU.ActiveCfg = Debug|Any CPU
		{81EBA605-D3C8-4F02-B6F1-5DEF7DF26895}.Debug|Any CPU.Build.0 = Debug|Any CPU
		{81EBA605-D3C8-4F02-B6F1-5DEF7DF26895}.Release|Any CPU.ActiveCfg = Release|Any CPU
		{81EBA605-D3C8-4F02-B6F1-5DEF7DF26895}.Release|Any CPU.Build.0 = Release|Any CPU
	EndGlobalSection
	GlobalSection(SolutionProperties) = preSolution
		HideSolutionNode = FALSE
	EndGlobalSection
	GlobalSection(ExtensibilityGlobals) = postSolution
		SolutionGuid = {909FCB99-3A2C-4668-8DD7-824EED4F0ABC}
	EndGlobalSection
EndGlobal
