
Microsoft Visual Studio Solution File, Format Version 12.00
# Visual Studio Version 16
VisualStudioVersion = 16.0.31829.152
MinimumVisualStudioVersion = 10.0.40219.1
Project("{FAE04EC0-301F-11D3-BF4B-00C04F79EFBC}") = "SingleNum2", "SingleNum2.csproj", "{DB529843-2944-4A5C-A702-ECCD8C9A20A8}"
EndProject
Global
	GlobalSection(SolutionConfigurationPlatforms) = preSolution
		Debug|Any CPU = Debug|Any CPU
		Release|Any CPU = Release|Any CPU
	EndGlobalSection
	GlobalSection(ProjectConfigurationPlatforms) = postSolution
		{DB529843-2944-4A5C-A702-ECCD8C9A20A8}.Debug|Any CPU.ActiveCfg = Debug|Any CPU
		{DB529843-2944-4A5C-A702-ECCD8C9A20A8}.Debug|Any CPU.Build.0 = Debug|Any CPU
		{DB529843-2944-4A5C-A702-ECCD8C9A20A8}.Release|Any CPU.ActiveCfg = Release|Any CPU
		{DB529843-2944-4A5C-A702-ECCD8C9A20A8}.Release|Any CPU.Build.0 = Release|Any CPU
	EndGlobalSection
	GlobalSection(SolutionProperties) = preSolution
		HideSolutionNode = FALSE
	EndGlobalSection
	GlobalSection(ExtensibilityGlobals) = postSolution
		SolutionGuid = {DC767319-315E-4840-8596-E0E838ED64F4}
	EndGlobalSection
EndGlobal
