
Microsoft Visual Studio Solution File, Format Version 12.00
# Visual Studio Version 16
VisualStudioVersion = 16.0.31829.152
MinimumVisualStudioVersion = 10.0.40219.1
Project("{FAE04EC0-301F-11D3-BF4B-00C04F79EFBC}") = "maxsatisfaction", "maxsatisfaction.csproj", "{F7E0943C-A7F3-4278-9829-278C65304AB8}"
EndProject
Global
	GlobalSection(SolutionConfigurationPlatforms) = preSolution
		Debug|Any CPU = Debug|Any CPU
		Release|Any CPU = Release|Any CPU
	EndGlobalSection
	GlobalSection(ProjectConfigurationPlatforms) = postSolution
		{F7E0943C-A7F3-4278-9829-278C65304AB8}.Debug|Any CPU.ActiveCfg = Debug|Any CPU
		{F7E0943C-A7F3-4278-9829-278C65304AB8}.Debug|Any CPU.Build.0 = Debug|Any CPU
		{F7E0943C-A7F3-4278-9829-278C65304AB8}.Release|Any CPU.ActiveCfg = Release|Any CPU
		{F7E0943C-A7F3-4278-9829-278C65304AB8}.Release|Any CPU.Build.0 = Release|Any CPU
	EndGlobalSection
	GlobalSection(SolutionProperties) = preSolution
		HideSolutionNode = FALSE
	EndGlobalSection
	GlobalSection(ExtensibilityGlobals) = postSolution
		SolutionGuid = {B69D4099-0CCC-4AB6-B208-8E4CC7665F14}
	EndGlobalSection
EndGlobal
