
Microsoft Visual Studio Solution File, Format Version 12.00
# Visual Studio Version 16
VisualStudioVersion = 16.0.31829.152
MinimumVisualStudioVersion = 10.0.40219.1
Project("{FAE04EC0-301F-11D3-BF4B-00C04F79EFBC}") = "subMatrixSumQueries", "subMatrixSumQueries.csproj", "{483AF485-7B88-4D2E-A8B4-294845C5E831}"
EndProject
Global
	GlobalSection(SolutionConfigurationPlatforms) = preSolution
		Debug|Any CPU = Debug|Any CPU
		Release|Any CPU = Release|Any CPU
	EndGlobalSection
	GlobalSection(ProjectConfigurationPlatforms) = postSolution
		{483AF485-7B88-4D2E-A8B4-294845C5E831}.Debug|Any CPU.ActiveCfg = Debug|Any CPU
		{483AF485-7B88-4D2E-A8B4-294845C5E831}.Debug|Any CPU.Build.0 = Debug|Any CPU
		{483AF485-7B88-4D2E-A8B4-294845C5E831}.Release|Any CPU.ActiveCfg = Release|Any CPU
		{483AF485-7B88-4D2E-A8B4-294845C5E831}.Release|Any CPU.Build.0 = Release|Any CPU
	EndGlobalSection
	GlobalSection(SolutionProperties) = preSolution
		HideSolutionNode = FALSE
	EndGlobalSection
	GlobalSection(ExtensibilityGlobals) = postSolution
		SolutionGuid = {A789087F-7EDB-4837-B819-66DBBD980DD9}
	EndGlobalSection
EndGlobal
